<Solution>
  <Configurations>
    <Platform Name="Any CPU" />
    <Platform Name="x64" />
    <Platform Name="x86" />
  </Configurations>
  <Project Path="src/Serviços/SoloRPG.API/SoloRPG.API.csproj" />
  <Project Path="src/Aplicação/SoloRPG.Application/SoloRPG.Application.csproj" />
  <Project Path="src/Domínio/SoloRPG.Domain/SoloRPG.Domain.csproj" />
  <Project Path="src/Infraestrutura/SoloRPG.Infrastructure/SoloRPG.Infrastructure.csproj" />
</Solution>
